
Microsoft Visual Studio Solution File, Format Version 12.00
# Visual Studio Version 17
VisualStudioVersion = 17.11.35208.52
MinimumVisualStudioVersion = 10.0.40219.1
Project("{FAE04EC0-301F-11D3-BF4B-00C04F79EFBC}") = "Cryptography", "Cryptography\Cryptography.csproj", "{8723FDA3-323E-4B68-93CA-F164F328888B}"
EndProject
Global
	GlobalSection(SolutionConfigurationPlatforms) = preSolution
		Debug|Any CPU = Debug|Any CPU
		Release|Any CPU = Release|Any CPU
	EndGlobalSection
	GlobalSection(ProjectConfigurationPlatforms) = postSolution
		{8723FDA3-323E-4B68-93CA-F164F328888B}.Debug|Any CPU.ActiveCfg = Debug|Any CPU
		{8723FDA3-323E-4B68-93CA-F164F328888B}.Debug|Any CPU.Build.0 = Debug|Any CPU
		{8723FDA3-323E-4B68-93CA-F164F328888B}.Release|Any CPU.ActiveCfg = Release|Any CPU
		{8723FDA3-323E-4B68-93CA-F164F328888B}.Release|Any CPU.Build.0 = Release|Any CPU
	EndGlobalSection
	GlobalSection(SolutionProperties) = preSolution
		HideSolutionNode = FALSE
	EndGlobalSection
	GlobalSection(ExtensibilityGlobals) = postSolution
		SolutionGuid = {41FD4AE2-F466-418F-98AE-6B95C730D4AE}
	EndGlobalSection
EndGlobal
